# THIS IS AN AUTOGENERATED FILE. DO NOT EDIT THIS FILE DIRECTLY.
# yarn lockfile v1


"@react-pdf/png-js@^1.0.0":
  version "1.0.0"
  resolved "https://registry.yarnpkg.com/@react-pdf/png-js/-/png-js-1.0.0.tgz#00fcb969dca4ce82a0a7673413ade039e47b361e"
  integrity sha1-APy5adykzoKgp2c0E63gOeR7Nh4=

cross-fetch@^2.2.2:
  version "2.2.3"
  resolved "https://registry.yarnpkg.com/cross-fetch/-/cross-fetch-2.2.3.tgz#e8a0b3c54598136e037f8650f8e823ccdfac198e"
  integrity sha512-PrWWNH3yL2NYIb/7WF/5vFG3DCQiXDOVf8k3ijatbrtnwNuhMWLC7YF7uqf53tbTFDzHIUD8oITw4Bxt8ST3Nw==
  dependencies:
    node-fetch "2.1.2"
    whatwg-fetch "2.0.4"

cross-fetch@^3.0.4:
  version "3.0.5"
  resolved "https://registry.yarnpkg.com/cross-fetch/-/cross-fetch-3.0.5.tgz#2739d2981892e7ab488a7ad03b92df2816e03f4c"
  integrity sha512-FFLcLtraisj5eteosnX1gf01qYDCOc4fDy0+euOt8Kn9YBY2NtXL/pCoYPavw24NIQkQqm5ZOLsGD5Zzj0gyew==
  dependencies:
    node-fetch "2.6.0"

jest-fetch-mock@^2.1.1:
  version "2.1.2"
  resolved "https://registry.yarnpkg.com/jest-fetch-mock/-/jest-fetch-mock-2.1.2.tgz#1260b347918e3931c4ec743ceaf60433da661bd0"
  integrity sha512-tcSR4Lh2bWLe1+0w/IwvNxeDocMI/6yIA2bijZ0fyWxC4kQ18lckQ1n7Yd40NKuisGmcGBRFPandRXrW/ti/Bw==
  dependencies:
    cross-fetch "^2.2.2"
    promise-polyfill "^7.1.1"

node-fetch@2.1.2:
  version "2.1.2"
  resolved "https://registry.yarnpkg.com/node-fetch/-/node-fetch-2.1.2.tgz#ab884e8e7e57e38a944753cec706f788d1768bb5"
  integrity sha1-q4hOjn5X44qUR1POxwb3iNF2i7U=

node-fetch@2.6.0:
  version "2.6.0"
  resolved "https://registry.yarnpkg.com/node-fetch/-/node-fetch-2.6.0.tgz#e633456386d4aa55863f676a7ab0daa8fdecb0fd"
  integrity sha512-8dG4H5ujfvFiqDmVu9fQ5bOHUC15JMjMY/Zumv26oOvvVJjM67KF8koCWIabKQ1GJIa9r2mMZscBq/TbdOcmNA==

promise-polyfill@^7.1.1:
  version "7.1.2"
  resolved "https://registry.yarnpkg.com/promise-polyfill/-/promise-polyfill-7.1.2.tgz#ab05301d8c28536301622d69227632269a70ca3b"
  integrity sha512-FuEc12/eKqqoRYIGBrUptCBRhobL19PS2U31vMNTfyck1FxPyMfgsXyW4Mav85y/ZN1hop3hOwRlUDok23oYfQ==

whatwg-fetch@2.0.4:
  version "2.0.4"
  resolved "https://registry.yarnpkg.com/whatwg-fetch/-/whatwg-fetch-2.0.4.tgz#dde6a5df315f9d39991aa17621853d720b85566f"
  integrity sha512-dcQ1GWpOD/eEQ97k66aiEVpNnapVj90/+R+SXTPYGHpYBBypfKJEQjLrvMZ7YXbKm21gXd4NcuxUTjiv1YtLng==
