# THIS IS AN AUTOGENERATED FILE. DO NOT EDIT THIS FILE DIRECTLY.
# yarn lockfile v1


"@babel/runtime@^7.4.3", "@babel/runtime@^7.6.2":
  version "7.9.6"
  resolved "https://registry.yarnpkg.com/@babel/runtime/-/runtime-7.9.6.tgz#a9102eb5cadedf3f31d08a9ecf294af7827ea29f"
  integrity sha512-64AF1xY3OAkFHqOb9s4jpgk1Mm5vDZ4L3acHvAml+53nO1XbXLuDodsVpO4OIUsmemlUHMxNdYMNJmsvOwLrvQ==
  dependencies:
    regenerator-runtime "^0.13.4"

"@react-pdf/fontkit@^1.11.0", "@react-pdf/fontkit@^1.13.0":
  version "1.13.0"
  resolved "https://registry.yarnpkg.com/@react-pdf/fontkit/-/fontkit-1.13.0.tgz#ec14cc61120e814c1d48cf276771684ec615be9e"
  integrity sha512-g4rxtkSkEbIwDoqZc6ZM2yHq/imqmgGXQuMDnrkM2yI9TpTGhQfJGnz9IrCadrRgOrEx9orxRuTALOxzAce7Kg==
  dependencies:
    "@react-pdf/unicode-properties" "^2.2.0"
    brotli "^1.2.0"
    clone "^1.0.1"
    deep-equal "^1.0.0"
    dfa "^1.0.0"
    restructure "^0.5.3"
    tiny-inflate "^1.0.2"
    unicode-trie "^0.3.0"

"@react-pdf/pdfkit@^1.4.2":
  version "1.5.0"
  resolved "https://registry.yarnpkg.com/@react-pdf/pdfkit/-/pdfkit-1.5.0.tgz#f51502e899ba8559b0ee91b292a5f54520c9de39"
  integrity sha512-f7Xo5ePW3orEXjIsmH9QsCqxSN3wA8LnBBI0fdxfbkWX25PjM4qypdR1sQghECqbBFfdtPlcG0rJEhGJbA8WHg==
  dependencies:
    "@react-pdf/fontkit" "^1.11.0"
    "@react-pdf/png-js" "^1.0.0"
    lz-string "^1.4.4"

"@react-pdf/png-js@^1.0.0":
  version "1.0.0"
  resolved "https://registry.yarnpkg.com/@react-pdf/png-js/-/png-js-1.0.0.tgz#00fcb969dca4ce82a0a7673413ade039e47b361e"
  integrity sha1-APy5adykzoKgp2c0E63gOeR7Nh4=

"@react-pdf/textkit@^0.3.7":
  version "0.3.7"
  resolved "https://registry.yarnpkg.com/@react-pdf/textkit/-/textkit-0.3.7.tgz#67bcc4d952ad1cd738b3cb38c8396219450f536b"
  integrity sha512-JyK06VofTG4/6Mxv9ugqGyKS/nnbg7MXXHmzeYLP+wwxZsgiatjybVBSXI+DW+++UeyUKLrCYQh2RaxliRm+NQ==
  dependencies:
    "@babel/runtime" "^7.4.3"
    "@react-pdf/unicode-properties" "^2.2.0"
    babel-runtime "^6.26.0"
    hyphen "^1.1.1"
    ramda "^0.26.1"

"@react-pdf/unicode-properties@^2.2.0":
  version "2.2.0"
  resolved "https://registry.yarnpkg.com/@react-pdf/unicode-properties/-/unicode-properties-2.2.0.tgz#f109eaac244ceb108011d4038cee4cc787cb40f3"
  integrity sha1-8QnqrCRM6xCAEdQDjO5Mx4fLQPM=
  dependencies:
    unicode-trie "^0.3.0"

"@types/yoga-layout@1.9.2":
  version "1.9.2"
  resolved "https://registry.yarnpkg.com/@types/yoga-layout/-/yoga-layout-1.9.2.tgz#efaf9e991a7390dc081a0b679185979a83a9639a"
  integrity sha512-S9q47ByT2pPvD65IvrWp7qppVMpk9WGMbVq9wbWZOHg6tnXSD4vyhao6nOSBwwfDdV2p3Kx9evA9vI+XWTfDvw==

amdefine@>=0.0.4:
  version "1.0.1"
  resolved "https://registry.yarnpkg.com/amdefine/-/amdefine-1.0.1.tgz#4a5282ac164729e93619bcfd3ad151f817ce91f5"
  integrity sha1-SlKCrBZHKek2Gbz9OtFR+BfOkfU=

ast-transform@0.0.0:
  version "0.0.0"
  resolved "https://registry.yarnpkg.com/ast-transform/-/ast-transform-0.0.0.tgz#74944058887d8283e189d954600947bc98fe0062"
  integrity sha1-dJRAWIh9goPhidlUYAlHvJj+AGI=
  dependencies:
    escodegen "~1.2.0"
    esprima "~1.0.4"
    through "~2.3.4"

ast-types@^0.7.0:
  version "0.7.8"
  resolved "https://registry.yarnpkg.com/ast-types/-/ast-types-0.7.8.tgz#902d2e0d60d071bdcd46dc115e1809ed11c138a9"
  integrity sha1-kC0uDWDQcb3NRtwRXhgJ7RHBOKk=

babel-runtime@^6.26.0:
  version "6.26.0"
  resolved "https://registry.yarnpkg.com/babel-runtime/-/babel-runtime-6.26.0.tgz#965c7058668e82b55d7bfe04ff2337bc8b5647fe"
  integrity sha1-llxwWGaOgrVde/4E/yM3vItWR/4=
  dependencies:
    core-js "^2.4.0"
    regenerator-runtime "^0.11.0"

base64-js@^1.1.2:
  version "1.3.1"
  resolved "https://registry.yarnpkg.com/base64-js/-/base64-js-1.3.1.tgz#58ece8cb75dd07e71ed08c736abc5fac4dbf8df1"
  integrity sha512-mLQ4i2QO1ytvGWFWmcngKO//JXAQueZvwEKtjgQFM4jIK0kU+ytMfplL8j+n5mspOfjHwoAg+9yhb7BwAHm36g==

brotli@^1.2.0:
  version "1.3.2"
  resolved "https://registry.yarnpkg.com/brotli/-/brotli-1.3.2.tgz#525a9cad4fcba96475d7d388f6aecb13eed52f46"
  integrity sha1-UlqcrU/LqWR119OI9q7LE+7VL0Y=
  dependencies:
    base64-js "^1.1.2"

browser-resolve@^1.8.1:
  version "1.11.3"
  resolved "https://registry.yarnpkg.com/browser-resolve/-/browser-resolve-1.11.3.tgz#9b7cbb3d0f510e4cb86bdbd796124d28b5890af6"
  integrity sha512-exDi1BYWB/6raKHmDTCicQfTkqwN5fioMFV4j8BsfMU4R2DK/QfZfK7kOVkmWCNANf0snkBzqGqAJBao9gZMdQ==
  dependencies:
    resolve "1.1.7"

browserify-optional@^1.0.0:
  version "1.0.1"
  resolved "https://registry.yarnpkg.com/browserify-optional/-/browserify-optional-1.0.1.tgz#1e13722cfde0d85f121676c2a72ced533a018869"
  integrity sha1-HhNyLP3g2F8SFnbCpyztUzoBiGk=
  dependencies:
    ast-transform "0.0.0"
    ast-types "^0.7.0"
    browser-resolve "^1.8.1"

clone@^1.0.1:
  version "1.0.4"
  resolved "https://registry.yarnpkg.com/clone/-/clone-1.0.4.tgz#da309cc263df15994c688ca902179ca3c7cd7c7e"
  integrity sha1-2jCcwmPfFZlMaIypAheco8fNfH4=

core-js@^2.4.0:
  version "2.6.11"
  resolved "https://registry.yarnpkg.com/core-js/-/core-js-2.6.11.tgz#38831469f9922bded8ee21c9dc46985e0399308c"
  integrity sha512-5wjnpaT/3dV+XB4borEsnAYQchn00XSgTAWKDkEqv+K8KevjbzmofK6hfJ9TZIlpj2N0xQpazy7PiRQiWHqzWg==

cross-fetch@^2.2.2:
  version "2.2.3"
  resolved "https://registry.yarnpkg.com/cross-fetch/-/cross-fetch-2.2.3.tgz#e8a0b3c54598136e037f8650f8e823ccdfac198e"
  integrity sha512-PrWWNH3yL2NYIb/7WF/5vFG3DCQiXDOVf8k3ijatbrtnwNuhMWLC7YF7uqf53tbTFDzHIUD8oITw4Bxt8ST3Nw==
  dependencies:
    node-fetch "2.1.2"
    whatwg-fetch "2.0.4"

cross-fetch@^3.0.4:
  version "3.0.4"
  resolved "https://registry.yarnpkg.com/cross-fetch/-/cross-fetch-3.0.4.tgz#7bef7020207e684a7638ef5f2f698e24d9eb283c"
  integrity sha512-MSHgpjQqgbT/94D4CyADeNoYh52zMkCX4pcJvPP5WqPsLFMKjr2TCMg381ox5qI0ii2dPwaLx/00477knXqXVw==
  dependencies:
    node-fetch "2.6.0"
    whatwg-fetch "3.0.0"

deep-equal@^1.0.0:
  version "1.1.1"
  resolved "https://registry.yarnpkg.com/deep-equal/-/deep-equal-1.1.1.tgz#b5c98c942ceffaf7cb051e24e1434a25a2e6076a"
  integrity sha512-yd9c5AdiqVcR+JjcwUQb9DkhJc8ngNr0MahEBGvDiJw8puWab2yZlh+nkasOnZP+EGTAP6rRp2JzJhJZzvNF8g==
  dependencies:
    is-arguments "^1.0.4"
    is-date-object "^1.0.1"
    is-regex "^1.0.4"
    object-is "^1.0.1"
    object-keys "^1.1.1"
    regexp.prototype.flags "^1.2.0"

define-properties@^1.1.2, define-properties@^1.1.3:
  version "1.1.3"
  resolved "https://registry.yarnpkg.com/define-properties/-/define-properties-1.1.3.tgz#cf88da6cbee26fe6db7094f61d870cbd84cee9f1"
  integrity sha512-3MqfYKj2lLzdMSf8ZIZE/V+Zuy+BgD6f164e8K2w7dgnpKArBDerGYpM46IYYcjnkdPNMjPk9A6VFB8+3SKlXQ==
  dependencies:
    object-keys "^1.0.12"

dfa@^1.0.0:
  version "1.2.0"
  resolved "https://registry.yarnpkg.com/dfa/-/dfa-1.2.0.tgz#96ac3204e2d29c49ea5b57af8d92c2ae12790657"
  integrity sha512-ED3jP8saaweFTjeGX8HQPjeC1YYyZs98jGNZx6IiBvxW7JG5v492kamAQB3m2wop07CvU/RQmzcKr6bgcC5D/Q==

emoji-regex@^8.0.0:
  version "8.0.0"
  resolved "https://registry.yarnpkg.com/emoji-regex/-/emoji-regex-8.0.0.tgz#e818fd69ce5ccfcb404594f842963bf53164cc37"
  integrity sha512-MSjYzcWNOA0ewAHpz0MxpYFvwg6yjy1NG3xteoqz644VCo/RPgnr1/GGt+ic3iJTzQ8Eu3TdM14SawnVUmGE6A==

es-abstract@^1.17.0-next.1, es-abstract@^1.17.5:
  version "1.17.5"
  resolved "https://registry.yarnpkg.com/es-abstract/-/es-abstract-1.17.5.tgz#d8c9d1d66c8981fb9200e2251d799eee92774ae9"
  integrity sha512-BR9auzDbySxOcfog0tLECW8l28eRGpDpU3Dm3Hp4q/N+VtLTmyj4EUN088XZWQDW/hzj6sYRDXeOFsaAODKvpg==
  dependencies:
    es-to-primitive "^1.2.1"
    function-bind "^1.1.1"
    has "^1.0.3"
    has-symbols "^1.0.1"
    is-callable "^1.1.5"
    is-regex "^1.0.5"
    object-inspect "^1.7.0"
    object-keys "^1.1.1"
    object.assign "^4.1.0"
    string.prototype.trimleft "^2.1.1"
    string.prototype.trimright "^2.1.1"

es-to-primitive@^1.2.1:
  version "1.2.1"
  resolved "https://registry.yarnpkg.com/es-to-primitive/-/es-to-primitive-1.2.1.tgz#e55cd4c9cdc188bcefb03b366c736323fc5c898a"
  integrity sha512-QCOllgZJtaUo9miYBcLChTUaHNjJF3PYs1VidD7AwiEj1kYxKeQTctLAezAOH5ZKRH0g2IgPn6KwB4IT8iRpvA==
  dependencies:
    is-callable "^1.1.4"
    is-date-object "^1.0.1"
    is-symbol "^1.0.2"

escodegen@~1.2.0:
  version "1.2.0"
  resolved "https://registry.yarnpkg.com/escodegen/-/escodegen-1.2.0.tgz#09de7967791cc958b7f89a2ddb6d23451af327e1"
  integrity sha1-Cd55Z3kcyVi3+Jot220jRRrzJ+E=
  dependencies:
    esprima "~1.0.4"
    estraverse "~1.5.0"
    esutils "~1.0.0"
  optionalDependencies:
    source-map "~0.1.30"

esprima@~1.0.4:
  version "1.0.4"
  resolved "https://registry.yarnpkg.com/esprima/-/esprima-1.0.4.tgz#9f557e08fc3b4d26ece9dd34f8fbf476b62585ad"
  integrity sha1-n1V+CPw7TSbs6d00+Pv0drYlha0=

estraverse@~1.5.0:
  version "1.5.1"
  resolved "https://registry.yarnpkg.com/estraverse/-/estraverse-1.5.1.tgz#867a3e8e58a9f84618afb6c2ddbcd916b7cbaf71"
  integrity sha1-hno+jlip+EYYr7bC3bzZFrfLr3E=

esutils@~1.0.0:
  version "1.0.0"
  resolved "https://registry.yarnpkg.com/esutils/-/esutils-1.0.0.tgz#8151d358e20c8acc7fb745e7472c0025fe496570"
  integrity sha1-gVHTWOIMisx/t0XnRywAJf5JZXA=

function-bind@^1.1.1:
  version "1.1.1"
  resolved "https://registry.yarnpkg.com/function-bind/-/function-bind-1.1.1.tgz#a56899d3ea3c9bab874bb9773b7c5ede92f4895d"
  integrity sha512-yIovAzMX49sF8Yl58fSCWJ5svSLuaibPxXQJFLmBObTuCr0Mf1KiPopGM9NiFjiYBCbfaa2Fh6breQ6ANVTI0A==

has-symbols@^1.0.0, has-symbols@^1.0.1:
  version "1.0.1"
  resolved "https://registry.yarnpkg.com/has-symbols/-/has-symbols-1.0.1.tgz#9f5214758a44196c406d9bd76cebf81ec2dd31e8"
  integrity sha512-PLcsoqu++dmEIZB+6totNFKq/7Do+Z0u4oT0zKOJNl3lYK6vGwwu2hjHs+68OEZbTjiUE9bgOABXbP/GvrS0Kg==

has@^1.0.3:
  version "1.0.3"
  resolved "https://registry.yarnpkg.com/has/-/has-1.0.3.tgz#722d7cbfc1f6aa8241f16dd814e011e1f41e8796"
  integrity sha512-f2dvO0VU6Oej7RkWJGrehjbzMAjFp5/VKPp5tTpWIV4JHHZK1/BxbFRtf/siA2SWTe09caDmVtYYzWEIbBS4zw==
  dependencies:
    function-bind "^1.1.1"

hyphen@^1.1.1:
  version "1.6.1"
  resolved "https://registry.yarnpkg.com/hyphen/-/hyphen-1.6.1.tgz#283f217f20e1ae4276b7dad4e186887144291f33"
  integrity sha512-HfnL5x0W7zCtrykAOmQItROcvD30ClcmlpBBVgbkfHgfv1YK3kpOhqlctXoOOU0zsXFKDOOQoR4I2+vWKcsgLg==

inherits@~2.0.3:
  version "2.0.4"
  resolved "https://registry.yarnpkg.com/inherits/-/inherits-2.0.4.tgz#0fa2c64f932917c3433a0ded55363aae37416b7c"
  integrity sha512-k/vGaX4/Yla3WzyMCvTQOXYeIHvqOKtnqBduzTHpzpQZzAskKMhZ2K+EnBiSM9zGSoIFeMpXKxa4dYeZIQqewQ==

is-arguments@^1.0.4:
  version "1.0.4"
  resolved "https://registry.yarnpkg.com/is-arguments/-/is-arguments-1.0.4.tgz#3faf966c7cba0ff437fb31f6250082fcf0448cf3"
  integrity sha512-xPh0Rmt8NE65sNzvyUmWgI1tz3mKq74lGA0mL8LYZcoIzKOzDh6HmrYm3d18k60nHerC8A9Km8kYu87zfSFnLA==

is-callable@^1.1.4, is-callable@^1.1.5:
  version "1.1.5"
  resolved "https://registry.yarnpkg.com/is-callable/-/is-callable-1.1.5.tgz#f7e46b596890456db74e7f6e976cb3273d06faab"
  integrity sha512-ESKv5sMCJB2jnHTWZ3O5itG+O128Hsus4K4Qh1h2/cgn2vbgnLSVqfV46AeJA9D5EeeLa9w81KUXMtn34zhX+Q==

is-date-object@^1.0.1:
  version "1.0.2"
  resolved "https://registry.yarnpkg.com/is-date-object/-/is-date-object-1.0.2.tgz#bda736f2cd8fd06d32844e7743bfa7494c3bfd7e"
  integrity sha512-USlDT524woQ08aoZFzh3/Z6ch9Y/EWXEHQ/AaRN0SkKq4t2Jw2R2339tSXmwuVoY7LLlBCbOIlx2myP/L5zk0g==

is-regex@^1.0.4, is-regex@^1.0.5:
  version "1.0.5"
  resolved "https://registry.yarnpkg.com/is-regex/-/is-regex-1.0.5.tgz#39d589a358bf18967f726967120b8fc1aed74eae"
  integrity sha512-vlKW17SNq44owv5AQR3Cq0bQPEb8+kF3UKZ2fiZNOWtztYE5i0CzCZxFDwO58qAOWtxdBRVO/V5Qin1wjCqFYQ==
  dependencies:
    has "^1.0.3"

is-symbol@^1.0.2:
  version "1.0.3"
  resolved "https://registry.yarnpkg.com/is-symbol/-/is-symbol-1.0.3.tgz#38e1014b9e6329be0de9d24a414fd7441ec61937"
  integrity sha512-OwijhaRSgqvhm/0ZdAcXNZt9lYdKFpcRDT5ULUuYXPoT794UNOdU+gpT6Rzo7b4V2HUl/op6GqY894AZwv9faQ==
  dependencies:
    has-symbols "^1.0.1"

is-url@^1.2.4:
  version "1.2.4"
  resolved "https://registry.yarnpkg.com/is-url/-/is-url-1.2.4.tgz#04a4df46d28c4cff3d73d01ff06abeb318a1aa52"
  integrity sha512-ITvGim8FhRiYe4IQ5uHSkj7pVaPDrCTkNd3yq3cV7iZAcJdHTUMPMEHcqSOy9xZ9qFenQCvi+2wjH9a1nXqHww==

jest-fetch-mock@^2.1.1:
  version "2.1.2"
  resolved "https://registry.yarnpkg.com/jest-fetch-mock/-/jest-fetch-mock-2.1.2.tgz#1260b347918e3931c4ec743ceaf60433da661bd0"
  integrity sha512-tcSR4Lh2bWLe1+0w/IwvNxeDocMI/6yIA2bijZ0fyWxC4kQ18lckQ1n7Yd40NKuisGmcGBRFPandRXrW/ti/Bw==
  dependencies:
    cross-fetch "^2.2.2"
    promise-polyfill "^7.1.1"

lz-string@^1.4.4:
  version "1.4.4"
  resolved "https://registry.yarnpkg.com/lz-string/-/lz-string-1.4.4.tgz#c0d8eaf36059f705796e1e344811cf4c498d3a26"
  integrity sha1-wNjq82BZ9wV5bh40SBHPTEmNOiY=

node-fetch@2.1.2:
  version "2.1.2"
  resolved "https://registry.yarnpkg.com/node-fetch/-/node-fetch-2.1.2.tgz#ab884e8e7e57e38a944753cec706f788d1768bb5"
  integrity sha1-q4hOjn5X44qUR1POxwb3iNF2i7U=

node-fetch@2.6.0:
  version "2.6.0"
  resolved "https://registry.yarnpkg.com/node-fetch/-/node-fetch-2.6.0.tgz#e633456386d4aa55863f676a7ab0daa8fdecb0fd"
  integrity sha512-8dG4H5ujfvFiqDmVu9fQ5bOHUC15JMjMY/Zumv26oOvvVJjM67KF8koCWIabKQ1GJIa9r2mMZscBq/TbdOcmNA==

object-inspect@^1.7.0:
  version "1.7.0"
  resolved "https://registry.yarnpkg.com/object-inspect/-/object-inspect-1.7.0.tgz#f4f6bd181ad77f006b5ece60bd0b6f398ff74a67"
  integrity sha512-a7pEHdh1xKIAgTySUGgLMx/xwDZskN1Ud6egYYN3EdRW4ZMPNEDUTF+hwy2LUC+Bl+SyLXANnwz/jyh/qutKUw==

object-is@^1.0.1:
  version "1.1.2"
  resolved "https://registry.yarnpkg.com/object-is/-/object-is-1.1.2.tgz#c5d2e87ff9e119f78b7a088441519e2eec1573b6"
  integrity sha512-5lHCz+0uufF6wZ7CRFWJN3hp8Jqblpgve06U5CMQ3f//6iDjPr2PEo9MWCjEssDsa+UZEL4PkFpr+BMop6aKzQ==
  dependencies:
    define-properties "^1.1.3"
    es-abstract "^1.17.5"

object-keys@^1.0.11, object-keys@^1.0.12, object-keys@^1.1.1:
  version "1.1.1"
  resolved "https://registry.yarnpkg.com/object-keys/-/object-keys-1.1.1.tgz#1c47f272df277f3b1daf061677d9c82e2322c60e"
  integrity sha512-NuAESUOUMrlIXOfHKzD6bpPu3tYt3xvjNdRIQ+FeT0lNb4K8WR70CaDxhuNguS2XG+GjkyMwOzsN5ZktImfhLA==

object.assign@^4.1.0:
  version "4.1.0"
  resolved "https://registry.yarnpkg.com/object.assign/-/object.assign-4.1.0.tgz#968bf1100d7956bb3ca086f006f846b3bc4008da"
  integrity sha512-exHJeq6kBKj58mqGyTQ9DFvrZC/eR6OwxzoM9YRoGBqrXYonaFyGiFMuc9VZrXf7DarreEwMpurG3dd+CNyW5w==
  dependencies:
    define-properties "^1.1.2"
    function-bind "^1.1.1"
    has-symbols "^1.0.0"
    object-keys "^1.0.11"

pako@^0.2.5:
  version "0.2.9"
  resolved "https://registry.yarnpkg.com/pako/-/pako-0.2.9.tgz#f3f7522f4ef782348da8161bad9ecfd51bf83a75"
  integrity sha1-8/dSL073gjSNqBYbrZ7P1Rv4OnU=

promise-polyfill@^7.1.1:
  version "7.1.2"
  resolved "https://registry.yarnpkg.com/promise-polyfill/-/promise-polyfill-7.1.2.tgz#ab05301d8c28536301622d69227632269a70ca3b"
  integrity sha512-FuEc12/eKqqoRYIGBrUptCBRhobL19PS2U31vMNTfyck1FxPyMfgsXyW4Mav85y/ZN1hop3hOwRlUDok23oYfQ==

queue@^6.0.1:
  version "6.0.1"
  resolved "https://registry.yarnpkg.com/queue/-/queue-6.0.1.tgz#abd5a5b0376912f070a25729e0b6a7d565683791"
  integrity sha512-AJBQabRCCNr9ANq8v77RJEv73DPbn55cdTb+Giq4X0AVnNVZvMHlYp7XlQiN+1npCZj1DuSmaA2hYVUUDgxFDg==
  dependencies:
    inherits "~2.0.3"

ramda@^0.26.1:
  version "0.26.1"
  resolved "https://registry.yarnpkg.com/ramda/-/ramda-0.26.1.tgz#8d41351eb8111c55353617fc3bbffad8e4d35d06"
  integrity sha512-hLWjpy7EnsDBb0p+Z3B7rPi3GDeRG5ZtiI33kJhTt+ORCd38AbAIjB/9zRIUoeTbE/AVX5ZkU7m6bznsvrf8eQ==

regenerator-runtime@^0.11.0:
  version "0.11.1"
  resolved "https://registry.yarnpkg.com/regenerator-runtime/-/regenerator-runtime-0.11.1.tgz#be05ad7f9bf7d22e056f9726cee5017fbf19e2e9"
  integrity sha512-MguG95oij0fC3QV3URf4V2SDYGJhJnJGqvIIgdECeODCT98wSWDAJ94SSuVpYQUoTcGUIL6L4yNB7j1DFFHSBg==

regenerator-runtime@^0.13.4:
  version "0.13.5"
  resolved "https://registry.yarnpkg.com/regenerator-runtime/-/regenerator-runtime-0.13.5.tgz#d878a1d094b4306d10b9096484b33ebd55e26697"
  integrity sha512-ZS5w8CpKFinUzOwW3c83oPeVXoNsrLsaCoLtJvAClH135j/R77RuymhiSErhm2lKcwSCIpmvIWSbDkIfAqKQlA==

regexp.prototype.flags@^1.2.0:
  version "1.3.0"
  resolved "https://registry.yarnpkg.com/regexp.prototype.flags/-/regexp.prototype.flags-1.3.0.tgz#7aba89b3c13a64509dabcf3ca8d9fbb9bdf5cb75"
  integrity sha512-2+Q0C5g951OlYlJz6yu5/M33IcsESLlLfsyIaLJaG4FA2r4yP8MvVMJUUP/fVBkSpbbbZlS5gynbEWLipiiXiQ==
  dependencies:
    define-properties "^1.1.3"
    es-abstract "^1.17.0-next.1"

resolve@1.1.7:
  version "1.1.7"
  resolved "https://registry.yarnpkg.com/resolve/-/resolve-1.1.7.tgz#203114d82ad2c5ed9e8e0411b3932875e889e97b"
  integrity sha1-IDEU2CrSxe2ejgQRs5ModeiJ6Xs=

restructure@^0.5.3:
  version "0.5.4"
  resolved "https://registry.yarnpkg.com/restructure/-/restructure-0.5.4.tgz#f54e7dd563590fb34fd6bf55876109aeccb28de8"
  integrity sha1-9U591WNZD7NP1r9Vh2EJrsyyjeg=
  dependencies:
    browserify-optional "^1.0.0"

source-map@~0.1.30:
  version "0.1.43"
  resolved "https://registry.yarnpkg.com/source-map/-/source-map-0.1.43.tgz#c24bc146ca517c1471f5dacbe2571b2b7f9e3346"
  integrity sha1-wkvBRspRfBRx9drL4lcbK3+eM0Y=
  dependencies:
    amdefine ">=0.0.4"

string.prototype.trimend@^1.0.0:
  version "1.0.1"
  resolved "https://registry.yarnpkg.com/string.prototype.trimend/-/string.prototype.trimend-1.0.1.tgz#85812a6b847ac002270f5808146064c995fb6913"
  integrity sha512-LRPxFUaTtpqYsTeNKaFOw3R4bxIzWOnbQ837QfBylo8jIxtcbK/A/sMV7Q+OAV/vWo+7s25pOE10KYSjaSO06g==
  dependencies:
    define-properties "^1.1.3"
    es-abstract "^1.17.5"

string.prototype.trimleft@^2.1.1:
  version "2.1.2"
  resolved "https://registry.yarnpkg.com/string.prototype.trimleft/-/string.prototype.trimleft-2.1.2.tgz#4408aa2e5d6ddd0c9a80739b087fbc067c03b3cc"
  integrity sha512-gCA0tza1JBvqr3bfAIFJGqfdRTyPae82+KTnm3coDXkZN9wnuW3HjGgN386D7hfv5CHQYCI022/rJPVlqXyHSw==
  dependencies:
    define-properties "^1.1.3"
    es-abstract "^1.17.5"
    string.prototype.trimstart "^1.0.0"

string.prototype.trimright@^2.1.1:
  version "2.1.2"
  resolved "https://registry.yarnpkg.com/string.prototype.trimright/-/string.prototype.trimright-2.1.2.tgz#c76f1cef30f21bbad8afeb8db1511496cfb0f2a3"
  integrity sha512-ZNRQ7sY3KroTaYjRS6EbNiiHrOkjihL9aQE/8gfQ4DtAC/aEBRHFJa44OmoWxGGqXuJlfKkZW4WcXErGr+9ZFg==
  dependencies:
    define-properties "^1.1.3"
    es-abstract "^1.17.5"
    string.prototype.trimend "^1.0.0"

string.prototype.trimstart@^1.0.0:
  version "1.0.1"
  resolved "https://registry.yarnpkg.com/string.prototype.trimstart/-/string.prototype.trimstart-1.0.1.tgz#14af6d9f34b053f7cfc89b72f8f2ee14b9039a54"
  integrity sha512-XxZn+QpvrBI1FOcg6dIpxUPgWCPuNXvMD72aaRaUQv1eD4e/Qy8i/hFTe0BUmD60p/QA6bh1avmuPTfNjqVWRw==
  dependencies:
    define-properties "^1.1.3"
    es-abstract "^1.17.5"

through@~2.3.4:
  version "2.3.8"
  resolved "https://registry.yarnpkg.com/through/-/through-2.3.8.tgz#0dd4c9ffaabc357960b1b724115d7e0e86a2e1f5"
  integrity sha1-DdTJ/6q8NXlgsbckEV1+Doai4fU=

tiny-inflate@^1.0.0, tiny-inflate@^1.0.2:
  version "1.0.3"
  resolved "https://registry.yarnpkg.com/tiny-inflate/-/tiny-inflate-1.0.3.tgz#122715494913a1805166aaf7c93467933eea26c4"
  integrity sha512-pkY1fj1cKHb2seWDy0B16HeWyczlJA9/WW3u3c4z/NiWDsO3DOU5D7nhTLE9CF0yXv/QZFY7sEJmj24dK+Rrqw==

unicode-trie@^0.3.0:
  version "0.3.1"
  resolved "https://registry.yarnpkg.com/unicode-trie/-/unicode-trie-0.3.1.tgz#d671dddd89101a08bac37b6a5161010602052085"
  integrity sha1-1nHd3YkQGgi6w3tqUWEBBgIFIIU=
  dependencies:
    pako "^0.2.5"
    tiny-inflate "^1.0.0"

whatwg-fetch@2.0.4:
  version "2.0.4"
  resolved "https://registry.yarnpkg.com/whatwg-fetch/-/whatwg-fetch-2.0.4.tgz#dde6a5df315f9d39991aa17621853d720b85566f"
  integrity sha512-dcQ1GWpOD/eEQ97k66aiEVpNnapVj90/+R+SXTPYGHpYBBypfKJEQjLrvMZ7YXbKm21gXd4NcuxUTjiv1YtLng==

whatwg-fetch@3.0.0:
  version "3.0.0"
  resolved "https://registry.yarnpkg.com/whatwg-fetch/-/whatwg-fetch-3.0.0.tgz#fc804e458cc460009b1a2b966bc8817d2578aefb"
  integrity sha512-9GSJUgz1D4MfyKU7KRqwOjXCXTqWdFNvEr7eUBYchQiVc744mqK/MzXPNR2WsPkmkOa4ywfg8C2n8h+13Bey1Q==

yoga-layout-prebuilt@^1.9.3:
  version "1.9.6"
  resolved "https://registry.yarnpkg.com/yoga-layout-prebuilt/-/yoga-layout-prebuilt-1.9.6.tgz#98dde95bbf8e6e12835876e9305f1e995c4bb801"
  integrity sha512-Wursw6uqLXLMjBAO4SEShuzj8+EJXhCF71/rJ7YndHTkRAYSU0GY3OghRqfAk9HPUAAFMuqp3U1Wl+01vmGRQQ==
  dependencies:
    "@types/yoga-layout" "1.9.2"
