# THIS IS AN AUTOGENERATED FILE. DO NOT EDIT THIS FILE DIRECTLY.
# yarn lockfile v1


"@babel/runtime@^7.4.3":
  version "7.9.6"
  resolved "https://registry.yarnpkg.com/@babel/runtime/-/runtime-7.9.6.tgz#a9102eb5cadedf3f31d08a9ecf294af7827ea29f"
  integrity sha512-64AF1xY3OAkFHqOb9s4jpgk1Mm5vDZ4L3acHvAml+53nO1XbXLuDodsVpO4OIUsmemlUHMxNdYMNJmsvOwLrvQ==
  dependencies:
    regenerator-runtime "^0.13.4"

"@react-pdf/textkit@^0.3.7":
  version "0.3.7"
  resolved "https://registry.yarnpkg.com/@react-pdf/textkit/-/textkit-0.3.7.tgz#67bcc4d952ad1cd738b3cb38c8396219450f536b"
  integrity sha512-JyK06VofTG4/6Mxv9ugqGyKS/nnbg7MXXHmzeYLP+wwxZsgiatjybVBSXI+DW+++UeyUKLrCYQh2RaxliRm+NQ==
  dependencies:
    "@babel/runtime" "^7.4.3"
    "@react-pdf/unicode-properties" "^2.2.0"
    babel-runtime "^6.26.0"
    hyphen "^1.1.1"
    ramda "^0.26.1"

"@react-pdf/unicode-properties@^2.2.0":
  version "2.2.0"
  resolved "https://registry.yarnpkg.com/@react-pdf/unicode-properties/-/unicode-properties-2.2.0.tgz#f109eaac244ceb108011d4038cee4cc787cb40f3"
  integrity sha1-8QnqrCRM6xCAEdQDjO5Mx4fLQPM=
  dependencies:
    unicode-trie "^0.3.0"

abs-svg-path@^0.1.1:
  version "0.1.1"
  resolved "https://registry.yarnpkg.com/abs-svg-path/-/abs-svg-path-0.1.1.tgz#df601c8e8d2ba10d4a76d625e236a9a39c2723bf"
  integrity sha1-32Acjo0roQ1KdtYl4japo5wnI78=

babel-runtime@^6.26.0:
  version "6.26.0"
  resolved "https://registry.yarnpkg.com/babel-runtime/-/babel-runtime-6.26.0.tgz#965c7058668e82b55d7bfe04ff2337bc8b5647fe"
  integrity sha1-llxwWGaOgrVde/4E/yM3vItWR/4=
  dependencies:
    core-js "^2.4.0"
    regenerator-runtime "^0.11.0"

core-js@^2.4.0:
  version "2.6.11"
  resolved "https://registry.yarnpkg.com/core-js/-/core-js-2.6.11.tgz#38831469f9922bded8ee21c9dc46985e0399308c"
  integrity sha512-5wjnpaT/3dV+XB4borEsnAYQchn00XSgTAWKDkEqv+K8KevjbzmofK6hfJ9TZIlpj2N0xQpazy7PiRQiWHqzWg==

hyphen@^1.1.1:
  version "1.6.1"
  resolved "https://registry.yarnpkg.com/hyphen/-/hyphen-1.6.1.tgz#283f217f20e1ae4276b7dad4e186887144291f33"
  integrity sha512-HfnL5x0W7zCtrykAOmQItROcvD30ClcmlpBBVgbkfHgfv1YK3kpOhqlctXoOOU0zsXFKDOOQoR4I2+vWKcsgLg==

normalize-svg-path@^1.0.1:
  version "1.0.1"
  resolved "https://registry.yarnpkg.com/normalize-svg-path/-/normalize-svg-path-1.0.1.tgz#6f729ad6b70bb4ca4eff2fe4b107489efe1d56fe"
  integrity sha1-b3Ka1rcLtMpO/y/ksQdInv4dVv4=
  dependencies:
    svg-arc-to-cubic-bezier "^3.0.0"

pako@^0.2.5:
  version "0.2.9"
  resolved "https://registry.yarnpkg.com/pako/-/pako-0.2.9.tgz#f3f7522f4ef782348da8161bad9ecfd51bf83a75"
  integrity sha1-8/dSL073gjSNqBYbrZ7P1Rv4OnU=

parse-svg-path@^0.1.2:
  version "0.1.2"
  resolved "https://registry.yarnpkg.com/parse-svg-path/-/parse-svg-path-0.1.2.tgz#7a7ec0d1eb06fa5325c7d3e009b859a09b5d49eb"
  integrity sha1-en7A0esG+lMlx9PgCbhZoJtdSes=

ramda@^0.26.1:
  version "0.26.1"
  resolved "https://registry.yarnpkg.com/ramda/-/ramda-0.26.1.tgz#8d41351eb8111c55353617fc3bbffad8e4d35d06"
  integrity sha512-hLWjpy7EnsDBb0p+Z3B7rPi3GDeRG5ZtiI33kJhTt+ORCd38AbAIjB/9zRIUoeTbE/AVX5ZkU7m6bznsvrf8eQ==

regenerator-runtime@^0.11.0:
  version "0.11.1"
  resolved "https://registry.yarnpkg.com/regenerator-runtime/-/regenerator-runtime-0.11.1.tgz#be05ad7f9bf7d22e056f9726cee5017fbf19e2e9"
  integrity sha512-MguG95oij0fC3QV3URf4V2SDYGJhJnJGqvIIgdECeODCT98wSWDAJ94SSuVpYQUoTcGUIL6L4yNB7j1DFFHSBg==

regenerator-runtime@^0.13.4:
  version "0.13.5"
  resolved "https://registry.yarnpkg.com/regenerator-runtime/-/regenerator-runtime-0.13.5.tgz#d878a1d094b4306d10b9096484b33ebd55e26697"
  integrity sha512-ZS5w8CpKFinUzOwW3c83oPeVXoNsrLsaCoLtJvAClH135j/R77RuymhiSErhm2lKcwSCIpmvIWSbDkIfAqKQlA==

svg-arc-to-cubic-bezier@^3.0.0, svg-arc-to-cubic-bezier@^3.2.0:
  version "3.2.0"
  resolved "https://registry.yarnpkg.com/svg-arc-to-cubic-bezier/-/svg-arc-to-cubic-bezier-3.2.0.tgz#390c450035ae1c4a0104d90650304c3bc814abe6"
  integrity sha512-djbJ/vZKZO+gPoSDThGNpKDO+o+bAeA4XQKovvkNCqnIS2t+S4qnLAGQhyyrulhCFRl1WWzAp0wUDV8PpTVU3g==

tiny-inflate@^1.0.0:
  version "1.0.3"
  resolved "https://registry.yarnpkg.com/tiny-inflate/-/tiny-inflate-1.0.3.tgz#122715494913a1805166aaf7c93467933eea26c4"
  integrity sha512-pkY1fj1cKHb2seWDy0B16HeWyczlJA9/WW3u3c4z/NiWDsO3DOU5D7nhTLE9CF0yXv/QZFY7sEJmj24dK+Rrqw==

unicode-trie@^0.3.0:
  version "0.3.1"
  resolved "https://registry.yarnpkg.com/unicode-trie/-/unicode-trie-0.3.1.tgz#d671dddd89101a08bac37b6a5161010602052085"
  integrity sha1-1nHd3YkQGgi6w3tqUWEBBgIFIIU=
  dependencies:
    pako "^0.2.5"
    tiny-inflate "^1.0.0"
